{
  "version": 4,
  "terraform_version": "1.8.2",
  "serial": 118,
  "lineage": "b59219b0-9859-1783-590e-e6fd9d7058d4",
  "outputs": {},
  "resources": [
    {
      "mode": "managed",
      "type": "aws_db_instance",
      "name": "mariadb",
      "provider": "provider[\"registry.terraform.io/hashicorp/aws\"]",
      "instances": [
        {
          "schema_version": 2,
          "attributes": {
            "address": "terraform-20240610013746540700000004.chggkkeq884l.us-east-1.rds.amazonaws.com",
            "allocated_storage": 20,
            "allow_major_version_upgrade": null,
            "apply_immediately": false,
            "arn": "arn:aws:rds:us-east-1:381492077515:db:terraform-20240610013746540700000004",
            "auto_minor_version_upgrade": true,
            "availability_zone": "us-east-1a",
            "backup_retention_period": 0,
            "backup_target": "region",
            "backup_window": "03:02-03:32",
            "blue_green_update": [],
            "ca_cert_identifier": "rds-ca-rsa2048-g1",
            "character_set_name": "",
            "copy_tags_to_snapshot": false,
            "custom_iam_instance_profile": "",
            "customer_owned_ip_enabled": false,
            "db_name": "AppN1co_db",
            "db_subnet_group_name": "n1co-rds-subnet-group",
            "dedicated_log_volume": false,
            "delete_automated_backups": true,
            "deletion_protection": false,
            "domain": "",
            "domain_auth_secret_arn": "",
            "domain_dns_ips": null,
            "domain_fqdn": "",
            "domain_iam_role_name": "",
            "domain_ou": "",
            "enabled_cloudwatch_logs_exports": null,
            "endpoint": "terraform-20240610013746540700000004.chggkkeq884l.us-east-1.rds.amazonaws.com:3306",
            "engine": "mariadb",
            "engine_version": "10.5",
            "engine_version_actual": "10.5.23",
            "final_snapshot_identifier": null,
            "hosted_zone_id": "Z2R2ITUGPM61AM",
            "iam_database_authentication_enabled": false,
            "id": "db-QUREV7RKHYO6Y6HFJ5IKPETPOI",
            "identifier": "terraform-20240610013746540700000004",
            "identifier_prefix": "terraform-",
            "instance_class": "db.t3.micro",
            "iops": 0,
            "kms_key_id": "",
            "latest_restorable_time": "",
            "license_model": "general-public-license",
            "listener_endpoint": [],
            "maintenance_window": "thu:08:58-thu:09:28",
            "manage_master_user_password": null,
            "master_user_secret": [],
            "master_user_secret_kms_key_id": null,
            "max_allocated_storage": 0,
            "monitoring_interval": 0,
            "monitoring_role_arn": "",
            "multi_az": true,
            "nchar_character_set_name": "",
            "network_type": "IPV4",
            "option_group_name": "default:mariadb-10-5",
            "parameter_group_name": "default.mariadb10.5",
            "password": "AppsN1co",
            "performance_insights_enabled": false,
            "performance_insights_kms_key_id": "",
            "performance_insights_retention_period": 0,
            "port": 3306,
            "publicly_accessible": false,
            "replica_mode": "",
            "replicas": [],
            "replicate_source_db": "",
            "resource_id": "db-QUREV7RKHYO6Y6HFJ5IKPETPOI",
            "restore_to_point_in_time": [],
            "s3_import": [],
            "skip_final_snapshot": true,
            "snapshot_identifier": null,
            "status": "available",
            "storage_encrypted": false,
            "storage_throughput": 0,
            "storage_type": "gp2",
            "tags": {
              "Name": "n1co-mariadb-instance",
              "project": "n1co"
            },
            "tags_all": {
              "Name": "n1co-mariadb-instance",
              "project": "n1co"
            },
            "timeouts": null,
            "timezone": "",
            "username": "root",
            "vpc_security_group_ids": [
              "sg-000d907c61fc7f2ea"
            ]
          },
          "sensitive_attributes": [
            [
              {
                "type": "get_attr",
                "value": "password"
              }
            ]
          ],
          "private": "eyJlMmJmYjczMC1lY2FhLTExZTYtOGY4OC0zNDM2M2JjN2M0YzAiOnsiY3JlYXRlIjoyNDAwMDAwMDAwMDAwLCJkZWxldGUiOjM2MDAwMDAwMDAwMDAsInVwZGF0ZSI6NDgwMDAwMDAwMDAwMH0sInNjaGVtYV92ZXJzaW9uIjoiMiJ9",
          "dependencies": [
            "aws_db_subnet_group.subnet_group_rds",
            "aws_security_group.sg_eks",
            "aws_security_group.sg_rds",
            "aws_subnet.private_subnet1",
            "aws_subnet.private_subnet2",
            "aws_vpc.main_vpc"
          ]
        }
      ]
    },
    {
      "mode": "managed",
      "type": "aws_db_subnet_group",
      "name": "subnet_group_rds",
      "provider": "provider[\"registry.terraform.io/hashicorp/aws\"]",
      "instances": [
        {
          "schema_version": 0,
          "attributes": {
            "arn": "arn:aws:rds:us-east-1:381492077515:subgrp:n1co-rds-subnet-group",
            "description": "Managed by Terraform",
            "id": "n1co-rds-subnet-group",
            "name": "n1co-rds-subnet-group",
            "name_prefix": "",
            "subnet_ids": [
              "subnet-0ace7c5485fdf5daa",
              "subnet-0d8c2b108cc077eb7"
            ],
            "supported_network_types": [
              "IPV4"
            ],
            "tags": {
              "Name": "n1co-rds-subnet-group",
              "project": "n1co"
            },
            "tags_all": {
              "Name": "n1co-rds-subnet-group",
              "project": "n1co"
            },
            "vpc_id": "vpc-0a838ffe73e131a7a"
          },
          "sensitive_attributes": [],
          "private": "bnVsbA==",
          "dependencies": [
            "aws_subnet.private_subnet1",
            "aws_subnet.private_subnet2",
            "aws_vpc.main_vpc"
          ]
        }
      ]
    },
    {
      "mode": "managed",
      "type": "aws_eip",
      "name": "eip1",
      "provider": "provider[\"registry.terraform.io/hashicorp/aws\"]",
      "instances": [
        {
          "schema_version": 0,
          "attributes": {
            "address": null,
            "allocation_id": "eipalloc-0d3f7be5ef385f040",
            "arn": "arn:aws:ec2:us-east-1:381492077515:elastic-ip/eipalloc-0d3f7be5ef385f040",
            "associate_with_private_ip": null,
            "association_id": "",
            "carrier_ip": "",
            "customer_owned_ip": "",
            "customer_owned_ipv4_pool": "",
            "domain": "vpc",
            "id": "eipalloc-0d3f7be5ef385f040",
            "instance": "",
            "network_border_group": "us-east-1",
            "network_interface": "",
            "private_dns": null,
            "private_ip": "",
            "ptr_record": "",
            "public_dns": "ec2-54-81-171-253.compute-1.amazonaws.com",
            "public_ip": "54.81.171.253",
            "public_ipv4_pool": "amazon",
            "tags": {
              "Name": "n1co-eip1",
              "project": "n1co"
            },
            "tags_all": {
              "Name": "n1co-eip1",
              "project": "n1co"
            },
            "timeouts": null,
            "vpc": true
          },
          "sensitive_attributes": [],
          "private": "eyJlMmJmYjczMC1lY2FhLTExZTYtOGY4OC0zNDM2M2JjN2M0YzAiOnsiZGVsZXRlIjoxODAwMDAwMDAwMDAsInJlYWQiOjkwMDAwMDAwMDAwMCwidXBkYXRlIjozMDAwMDAwMDAwMDB9fQ=="
        }
      ]
    },
    {
      "mode": "managed",
      "type": "aws_eks_cluster",
      "name": "cluster",
      "provider": "provider[\"registry.terraform.io/hashicorp/aws\"]",
      "instances": [
        {
          "schema_version": 0,
          "attributes": {
            "access_config": [
              {
                "authentication_mode": "CONFIG_MAP",
                "bootstrap_cluster_creator_admin_permissions": false
              }
            ],
            "arn": "arn:aws:eks:us-east-1:381492077515:cluster/cluster-n1co",
            "certificate_authority": [
              {
                "data": "LS0tLS1CRUdJTiBDRVJUSUZJQ0FURS0tLS0tCk1JSURCVENDQWUyZ0F3SUJBZ0lJRllpcjlmOWw2Yll3RFFZSktvWklodmNOQVFFTEJRQXdGVEVUTUJFR0ExVUUKQXhNS2EzVmlaWEp1WlhSbGN6QWVGdzB5TkRBMk1UQXdNVE0zTlRKYUZ3MHpOREEyTURnd01UUXlOVEphTUJVeApFekFSQmdOVkJBTVRDbXQxWW1WeWJtVjBaWE13Z2dFaU1BMEdDU3FHU0liM0RRRUJBUVVBQTRJQkR3QXdnZ0VLCkFvSUJBUUN1M0pVZFlJR0JlMHhzc3lGVzNCaGtjM3pDOXJMK0lmaUhITjNPTzZvNGIrZkpnVHQrVkRSNzNBS0MKeGVvM3JvVHp3RnNUcDRLRnJDVDZmaStUUWNvVjRmYThaOHk2VmRlcUdWZUptdVY1MldiZjNUclVCOW5OTGMyVwowRzBVblNMczBnQjNwK0pNZnVhQnBGanFDZzJKMmFqNG9qdzh1M2hWb0xLdnltZEo3TFJpTGdHSEVaRDJ1ejJ0CkR6M25oeWxBT3ZQOHR4NEVqNUp0Uy9MeCtqRkpuSUYrQ0dTZHVjeTdDM0JPTVJaTWdaNWFmanlGcEt0dmFZOE8KbG1GejQvcDJYV0pJWDZSYm4zRnc5dzAxU3RJSTJzNmsyUXFKT05OVHJpRk9NcVR4anoySXVIUmRHektBQXB5egpKVnlHUDZPcktFRUZ6VzI2MGZtc0dWZU9nNmZIQWdNQkFBR2pXVEJYTUE0R0ExVWREd0VCL3dRRUF3SUNwREFQCkJnTlZIUk1CQWY4RUJUQURBUUgvTUIwR0ExVWREZ1FXQkJSd21rMVVYR1V0RHVISUhMZjFPWjllVS9PdFBEQVYKQmdOVkhSRUVEakFNZ2dwcmRXSmxjbTVsZEdWek1BMEdDU3FHU0liM0RRRUJDd1VBQTRJQkFRQm81dmhFNldaQwozY05meFVQVXlkcktJSFdZMXk5ZzEwcXRZeW1IL1dYbHlCSGt5d3hlZnhuTVY0OFVuS0lpc0RRRlBONERJbHF0CjdGZnVUMjI2VXlId3FRc1N4eWh3RVpRQ0I4cW5CYUp4eVNXZ1I4MFN3YjdJSEhTNHJnZnQ5RnpjK3gxbTF1NDYKUTVYaDlyQW9VV1Q4bU9YRUREczFYa1Q0cTBKQ2lZN1FPcnhNTXNQN29mb25WSnJCdnpKNHJwcnFsczhSNzZBYwpqYmRuZUxsMERjbnFSUDdYWDliNWx3K2JOd0lCNzFVcHU4Y0xDLzBSRHc4bGdHV1JZRW44cm02QzZkTmY3enQ5Ck1ESVpqSHlaQWk4MUlVSldhRDE3cTBJNXRLa2NzM2VCUUNXb1JtcUdNT3g5V0lHdGx1ejByaVc4bkU0QUt0eFEKZmk1c3hLOTJNZFhaCi0tLS0tRU5EIENFUlRJRklDQVRFLS0tLS0K"
              }
            ],
            "cluster_id": null,
            "created_at": "2024-06-10 01:37:56.21 +0000 UTC",
            "enabled_cluster_log_types": null,
            "encryption_config": [],
            "endpoint": "https://B0B9BABF5872C1847947298DC5AD63A8.gr7.us-east-1.eks.amazonaws.com",
            "id": "cluster-n1co",
            "identity": [
              {
                "oidc": [
                  {
                    "issuer": "https://oidc.eks.us-east-1.amazonaws.com/id/B0B9BABF5872C1847947298DC5AD63A8"
                  }
                ]
              }
            ],
            "kubernetes_network_config": [
              {
                "ip_family": "ipv4",
                "service_ipv4_cidr": "172.20.0.0/16",
                "service_ipv6_cidr": ""
              }
            ],
            "name": "cluster-n1co",
            "outpost_config": [],
            "platform_version": "eks.2",
            "role_arn": "arn:aws:iam::381492077515:role/eks-cluster-n1co",
            "status": "ACTIVE",
            "tags": {
              "Name": "n1co-eks-cluster",
              "project": "n1co"
            },
            "tags_all": {
              "Name": "n1co-eks-cluster",
              "project": "n1co"
            },
            "timeouts": null,
            "version": "1.30",
            "vpc_config": [
              {
                "cluster_security_group_id": "sg-0efe6477ad2954ba7",
                "endpoint_private_access": false,
                "endpoint_public_access": true,
                "public_access_cidrs": [
                  "0.0.0.0/0"
                ],
                "security_group_ids": null,
                "subnet_ids": [
                  "subnet-02bb911ebfeb02a02",
                  "subnet-0ace7c5485fdf5daa",
                  "subnet-0bc8792bfc580002d",
                  "subnet-0d8c2b108cc077eb7"
                ],
                "vpc_id": "vpc-0a838ffe73e131a7a"
              }
            ]
          },
          "sensitive_attributes": [],
          "private": "eyJlMmJmYjczMC1lY2FhLTExZTYtOGY4OC0zNDM2M2JjN2M0YzAiOnsiY3JlYXRlIjoxODAwMDAwMDAwMDAwLCJkZWxldGUiOjkwMDAwMDAwMDAwMCwidXBkYXRlIjozNjAwMDAwMDAwMDAwfX0=",
          "dependencies": [
            "aws_iam_role.role-eks-cluster",
            "aws_iam_role_policy_attachment.amazon-eks-cluster-policy",
            "aws_subnet.private_subnet1",
            "aws_subnet.private_subnet2",
            "aws_subnet.public_subnet1",
            "aws_subnet.public_subnet2",
            "aws_vpc.main_vpc"
          ]
        }
      ]
    },
    {
      "mode": "managed",
      "type": "aws_eks_fargate_profile",
      "name": "kube-system",
      "provider": "provider[\"registry.terraform.io/hashicorp/aws\"]",
      "instances": [
        {
          "schema_version": 0,
          "attributes": {
            "arn": "arn:aws:eks:us-east-1:381492077515:fargateprofile/cluster-n1co/kube-system/5cc7ffe9-9d13-f4f0-ac3c-e241e713f4f6",
            "cluster_name": "cluster-n1co",
            "fargate_profile_name": "kube-system",
            "id": "cluster-n1co:kube-system",
            "pod_execution_role_arn": "arn:aws:iam::381492077515:role/eks-fargate-profile",
            "selector": [
              {
                "labels": null,
                "namespace": "kube-system"
              }
            ],
            "status": "ACTIVE",
            "subnet_ids": [
              "subnet-0ace7c5485fdf5daa",
              "subnet-0d8c2b108cc077eb7"
            ],
            "tags": {
              "Name": "n1co-eks-fargate-profile",
              "project": "n1co"
            },
            "tags_all": {
              "Name": "n1co-eks-fargate-profile",
              "project": "n1co"
            },
            "timeouts": null
          },
          "sensitive_attributes": [],
          "private": "eyJlMmJmYjczMC1lY2FhLTExZTYtOGY4OC0zNDM2M2JjN2M0YzAiOnsiY3JlYXRlIjo2MDAwMDAwMDAwMDAsImRlbGV0ZSI6NjAwMDAwMDAwMDAwfX0=",
          "dependencies": [
            "aws_eks_cluster.cluster",
            "aws_iam_role.role-eks-cluster",
            "aws_iam_role.role-eks-fargate-profile",
            "aws_iam_role_policy_attachment.amazon-eks-cluster-policy",
            "aws_subnet.private_subnet1",
            "aws_subnet.private_subnet2",
            "aws_subnet.public_subnet1",
            "aws_subnet.public_subnet2",
            "aws_vpc.main_vpc"
          ]
        }
      ]
    },
    {
      "mode": "managed",
      "type": "aws_iam_role",
      "name": "role-eks-cluster",
      "provider": "provider[\"registry.terraform.io/hashicorp/aws\"]",
      "instances": [
        {
          "schema_version": 0,
          "attributes": {
            "arn": "arn:aws:iam::381492077515:role/eks-cluster-n1co",
            "assume_role_policy": "{\"Statement\":[{\"Action\":\"sts:AssumeRole\",\"Effect\":\"Allow\",\"Principal\":{\"Service\":\"eks.amazonaws.com\"}}],\"Version\":\"2012-10-17\"}",
            "create_date": "2024-06-10T01:37:29Z",
            "description": "",
            "force_detach_policies": false,
            "id": "eks-cluster-n1co",
            "inline_policy": [],
            "managed_policy_arns": [],
            "max_session_duration": 3600,
            "name": "eks-cluster-n1co",
            "name_prefix": "",
            "path": "/",
            "permissions_boundary": "",
            "tags": {
              "Name": "n1co-role-eks-cluster",
              "project": "n1co"
            },
            "tags_all": {
              "Name": "n1co-role-eks-cluster",
              "project": "n1co"
            },
            "unique_id": "AROAVRUVTEPFY37EVVGNN"
          },
          "sensitive_attributes": [],
          "private": "bnVsbA=="
        }
      ]
    },
    {
      "mode": "managed",
      "type": "aws_iam_role",
      "name": "role-eks-fargate-profile",
      "provider": "provider[\"registry.terraform.io/hashicorp/aws\"]",
      "instances": [
        {
          "schema_version": 0,
          "attributes": {
            "arn": "arn:aws:iam::381492077515:role/eks-fargate-profile",
            "assume_role_policy": "{\"Statement\":[{\"Action\":\"sts:AssumeRole\",\"Effect\":\"Allow\",\"Principal\":{\"Service\":\"eks-fargate-pods.amazonaws.com\"}}],\"Version\":\"2012-10-17\"}",
            "create_date": "2024-06-10T01:37:29Z",
            "description": "",
            "force_detach_policies": false,
            "id": "eks-fargate-profile",
            "inline_policy": [],
            "managed_policy_arns": [],
            "max_session_duration": 3600,
            "name": "eks-fargate-profile",
            "name_prefix": "",
            "path": "/",
            "permissions_boundary": "",
            "tags": {
              "Name": "n1co-role-eks-fargate",
              "project": "n1co"
            },
            "tags_all": {
              "Name": "n1co-role-eks-fargate",
              "project": "n1co"
            },
            "unique_id": "AROAVRUVTEPF3NW7EETRZ"
          },
          "sensitive_attributes": [],
          "private": "bnVsbA=="
        }
      ]
    },
    {
      "mode": "managed",
      "type": "aws_iam_role_policy_attachment",
      "name": "amazon-eks-cluster-policy",
      "provider": "provider[\"registry.terraform.io/hashicorp/aws\"]",
      "instances": [
        {
          "schema_version": 0,
          "attributes": {
            "id": "eks-cluster-n1co-20240610013729835700000001",
            "policy_arn": "arn:aws:iam::aws:policy/AmazonEKSClusterPolicy",
            "role": "eks-cluster-n1co"
          },
          "sensitive_attributes": [],
          "private": "bnVsbA==",
          "dependencies": [
            "aws_iam_role.role-eks-cluster"
          ]
        }
      ]
    },
    {
      "mode": "managed",
      "type": "aws_iam_role_policy_attachment",
      "name": "eks-fargate-profile",
      "provider": "provider[\"registry.terraform.io/hashicorp/aws\"]",
      "instances": [
        {
          "schema_version": 0,
          "attributes": {
            "id": "eks-fargate-profile-20240610013729845700000002",
            "policy_arn": "arn:aws:iam::aws:policy/AmazonEKSFargatePodExecutionRolePolicy",
            "role": "eks-fargate-profile"
          },
          "sensitive_attributes": [],
          "private": "bnVsbA==",
          "dependencies": [
            "aws_iam_role.role-eks-fargate-profile"
          ]
        }
      ]
    },
    {
      "mode": "managed",
      "type": "aws_internet_gateway",
      "name": "igw",
      "provider": "provider[\"registry.terraform.io/hashicorp/aws\"]",
      "instances": [
        {
          "schema_version": 0,
          "attributes": {
            "arn": "arn:aws:ec2:us-east-1:381492077515:internet-gateway/igw-0dc8dadabfb56a1c3",
            "id": "igw-0dc8dadabfb56a1c3",
            "owner_id": "381492077515",
            "tags": {
              "Name": "n1co-igw",
              "project": "n1co"
            },
            "tags_all": {
              "Name": "n1co-igw",
              "project": "n1co"
            },
            "timeouts": null,
            "vpc_id": "vpc-0a838ffe73e131a7a"
          },
          "sensitive_attributes": [],
          "private": "eyJlMmJmYjczMC1lY2FhLTExZTYtOGY4OC0zNDM2M2JjN2M0YzAiOnsiY3JlYXRlIjoxMjAwMDAwMDAwMDAwLCJkZWxldGUiOjEyMDAwMDAwMDAwMDAsInVwZGF0ZSI6MTIwMDAwMDAwMDAwMH19",
          "dependencies": [
            "aws_vpc.main_vpc"
          ]
        }
      ]
    },
    {
      "mode": "managed",
      "type": "aws_nat_gateway",
      "name": "natgw1",
      "provider": "provider[\"registry.terraform.io/hashicorp/aws\"]",
      "instances": [
        {
          "schema_version": 0,
          "attributes": {
            "allocation_id": "eipalloc-0d3f7be5ef385f040",
            "association_id": "eipassoc-0d0e8267a4ce67965",
            "connectivity_type": "public",
            "id": "nat-01b33fddde4cd1328",
            "network_interface_id": "eni-069e411ddbc11aaf0",
            "private_ip": "10.0.11.52",
            "public_ip": "54.81.171.253",
            "secondary_allocation_ids": null,
            "secondary_private_ip_address_count": 0,
            "secondary_private_ip_addresses": [],
            "subnet_id": "subnet-0bc8792bfc580002d",
            "tags": {
              "Name": "n1co-natgw1",
              "project": "n1co"
            },
            "tags_all": {
              "Name": "n1co-natgw1",
              "project": "n1co"
            },
            "timeouts": null
          },
          "sensitive_attributes": [],
          "private": "eyJlMmJmYjczMC1lY2FhLTExZTYtOGY4OC0zNDM2M2JjN2M0YzAiOnsiY3JlYXRlIjo2MDAwMDAwMDAwMDAsImRlbGV0ZSI6MTgwMDAwMDAwMDAwMCwidXBkYXRlIjo2MDAwMDAwMDAwMDB9fQ==",
          "dependencies": [
            "aws_eip.eip1",
            "aws_internet_gateway.igw",
            "aws_subnet.public_subnet1",
            "aws_vpc.main_vpc"
          ]
        }
      ]
    },
    {
      "mode": "managed",
      "type": "aws_route_table",
      "name": "private_rt",
      "provider": "provider[\"registry.terraform.io/hashicorp/aws\"]",
      "instances": [
        {
          "schema_version": 0,
          "attributes": {
            "arn": "arn:aws:ec2:us-east-1:381492077515:route-table/rtb-01389b9fc73304fc5",
            "id": "rtb-01389b9fc73304fc5",
            "owner_id": "381492077515",
            "propagating_vgws": [],
            "route": [
              {
                "carrier_gateway_id": "",
                "cidr_block": "0.0.0.0/0",
                "core_network_arn": "",
                "destination_prefix_list_id": "",
                "egress_only_gateway_id": "",
                "gateway_id": "",
                "ipv6_cidr_block": "",
                "local_gateway_id": "",
                "nat_gateway_id": "nat-01b33fddde4cd1328",
                "network_interface_id": "",
                "transit_gateway_id": "",
                "vpc_endpoint_id": "",
                "vpc_peering_connection_id": ""
              }
            ],
            "tags": {
              "Name": "n1co-rt-private",
              "project": "n1co"
            },
            "tags_all": {
              "Name": "n1co-rt-private",
              "project": "n1co"
            },
            "timeouts": null,
            "vpc_id": "vpc-0a838ffe73e131a7a"
          },
          "sensitive_attributes": [],
          "private": "eyJlMmJmYjczMC1lY2FhLTExZTYtOGY4OC0zNDM2M2JjN2M0YzAiOnsiY3JlYXRlIjozMDAwMDAwMDAwMDAsImRlbGV0ZSI6MzAwMDAwMDAwMDAwLCJ1cGRhdGUiOjEyMDAwMDAwMDAwMH19",
          "dependencies": [
            "aws_eip.eip1",
            "aws_internet_gateway.igw",
            "aws_nat_gateway.natgw1",
            "aws_subnet.public_subnet1",
            "aws_vpc.main_vpc"
          ]
        }
      ]
    },
    {
      "mode": "managed",
      "type": "aws_route_table",
      "name": "public_rt",
      "provider": "provider[\"registry.terraform.io/hashicorp/aws\"]",
      "instances": [
        {
          "schema_version": 0,
          "attributes": {
            "arn": "arn:aws:ec2:us-east-1:381492077515:route-table/rtb-0abe8e38e380f9f5f",
            "id": "rtb-0abe8e38e380f9f5f",
            "owner_id": "381492077515",
            "propagating_vgws": [],
            "route": [
              {
                "carrier_gateway_id": "",
                "cidr_block": "0.0.0.0/0",
                "core_network_arn": "",
                "destination_prefix_list_id": "",
                "egress_only_gateway_id": "",
                "gateway_id": "igw-0dc8dadabfb56a1c3",
                "ipv6_cidr_block": "",
                "local_gateway_id": "",
                "nat_gateway_id": "",
                "network_interface_id": "",
                "transit_gateway_id": "",
                "vpc_endpoint_id": "",
                "vpc_peering_connection_id": ""
              }
            ],
            "tags": {
              "Name": "n1co-rt-public",
              "project": "n1co"
            },
            "tags_all": {
              "Name": "n1co-rt-public",
              "project": "n1co"
            },
            "timeouts": null,
            "vpc_id": "vpc-0a838ffe73e131a7a"
          },
          "sensitive_attributes": [],
          "private": "eyJlMmJmYjczMC1lY2FhLTExZTYtOGY4OC0zNDM2M2JjN2M0YzAiOnsiY3JlYXRlIjozMDAwMDAwMDAwMDAsImRlbGV0ZSI6MzAwMDAwMDAwMDAwLCJ1cGRhdGUiOjEyMDAwMDAwMDAwMH19",
          "dependencies": [
            "aws_internet_gateway.igw",
            "aws_vpc.main_vpc"
          ]
        }
      ]
    },
    {
      "mode": "managed",
      "type": "aws_route_table_association",
      "name": "cidr_private_subnet2",
      "provider": "provider[\"registry.terraform.io/hashicorp/aws\"]",
      "instances": [
        {
          "schema_version": 0,
          "attributes": {
            "gateway_id": "",
            "id": "rtbassoc-0ea87543e3f32828c",
            "route_table_id": "rtb-01389b9fc73304fc5",
            "subnet_id": "subnet-0d8c2b108cc077eb7",
            "timeouts": null
          },
          "sensitive_attributes": [],
          "private": "eyJlMmJmYjczMC1lY2FhLTExZTYtOGY4OC0zNDM2M2JjN2M0YzAiOnsiY3JlYXRlIjozMDAwMDAwMDAwMDAsImRlbGV0ZSI6MzAwMDAwMDAwMDAwLCJ1cGRhdGUiOjEyMDAwMDAwMDAwMH19",
          "dependencies": [
            "aws_eip.eip1",
            "aws_internet_gateway.igw",
            "aws_nat_gateway.natgw1",
            "aws_route_table.private_rt",
            "aws_subnet.private_subnet2",
            "aws_subnet.public_subnet1",
            "aws_vpc.main_vpc"
          ]
        }
      ]
    },
    {
      "mode": "managed",
      "type": "aws_route_table_association",
      "name": "private_subnet1",
      "provider": "provider[\"registry.terraform.io/hashicorp/aws\"]",
      "instances": [
        {
          "schema_version": 0,
          "attributes": {
            "gateway_id": "",
            "id": "rtbassoc-0511e0722f6052059",
            "route_table_id": "rtb-01389b9fc73304fc5",
            "subnet_id": "subnet-0ace7c5485fdf5daa",
            "timeouts": null
          },
          "sensitive_attributes": [],
          "private": "eyJlMmJmYjczMC1lY2FhLTExZTYtOGY4OC0zNDM2M2JjN2M0YzAiOnsiY3JlYXRlIjozMDAwMDAwMDAwMDAsImRlbGV0ZSI6MzAwMDAwMDAwMDAwLCJ1cGRhdGUiOjEyMDAwMDAwMDAwMH19",
          "dependencies": [
            "aws_eip.eip1",
            "aws_internet_gateway.igw",
            "aws_nat_gateway.natgw1",
            "aws_route_table.private_rt",
            "aws_subnet.private_subnet1",
            "aws_subnet.public_subnet1",
            "aws_vpc.main_vpc"
          ]
        }
      ]
    },
    {
      "mode": "managed",
      "type": "aws_route_table_association",
      "name": "public_subnet1",
      "provider": "provider[\"registry.terraform.io/hashicorp/aws\"]",
      "instances": [
        {
          "schema_version": 0,
          "attributes": {
            "gateway_id": "",
            "id": "rtbassoc-0682a0a4e69dbbf72",
            "route_table_id": "rtb-0abe8e38e380f9f5f",
            "subnet_id": "subnet-0bc8792bfc580002d",
            "timeouts": null
          },
          "sensitive_attributes": [],
          "private": "eyJlMmJmYjczMC1lY2FhLTExZTYtOGY4OC0zNDM2M2JjN2M0YzAiOnsiY3JlYXRlIjozMDAwMDAwMDAwMDAsImRlbGV0ZSI6MzAwMDAwMDAwMDAwLCJ1cGRhdGUiOjEyMDAwMDAwMDAwMH19",
          "dependencies": [
            "aws_internet_gateway.igw",
            "aws_route_table.public_rt",
            "aws_subnet.public_subnet1",
            "aws_vpc.main_vpc"
          ]
        }
      ]
    },
    {
      "mode": "managed",
      "type": "aws_route_table_association",
      "name": "public_subnet2",
      "provider": "provider[\"registry.terraform.io/hashicorp/aws\"]",
      "instances": [
        {
          "schema_version": 0,
          "attributes": {
            "gateway_id": "",
            "id": "rtbassoc-089f9b27e83d7daa2",
            "route_table_id": "rtb-0abe8e38e380f9f5f",
            "subnet_id": "subnet-02bb911ebfeb02a02",
            "timeouts": null
          },
          "sensitive_attributes": [],
          "private": "eyJlMmJmYjczMC1lY2FhLTExZTYtOGY4OC0zNDM2M2JjN2M0YzAiOnsiY3JlYXRlIjozMDAwMDAwMDAwMDAsImRlbGV0ZSI6MzAwMDAwMDAwMDAwLCJ1cGRhdGUiOjEyMDAwMDAwMDAwMH19",
          "dependencies": [
            "aws_internet_gateway.igw",
            "aws_route_table.public_rt",
            "aws_subnet.public_subnet2",
            "aws_vpc.main_vpc"
          ]
        }
      ]
    },
    {
      "mode": "managed",
      "type": "aws_security_group",
      "name": "sg_eks",
      "provider": "provider[\"registry.terraform.io/hashicorp/aws\"]",
      "instances": [
        {
          "schema_version": 1,
          "attributes": {
            "arn": "arn:aws:ec2:us-east-1:381492077515:security-group/sg-0171f78eab188be77",
            "description": "Grupo de seguridad para EKS",
            "egress": [
              {
                "cidr_blocks": [
                  "0.0.0.0/0"
                ],
                "description": "",
                "from_port": 0,
                "ipv6_cidr_blocks": [],
                "prefix_list_ids": [],
                "protocol": "-1",
                "security_groups": [],
                "self": false,
                "to_port": 0
              }
            ],
            "id": "sg-0171f78eab188be77",
            "ingress": [
              {
                "cidr_blocks": [
                  "0.0.0.0/0"
                ],
                "description": "",
                "from_port": 10250,
                "ipv6_cidr_blocks": [],
                "prefix_list_ids": [],
                "protocol": "tcp",
                "security_groups": [],
                "self": false,
                "to_port": 10250
              },
              {
                "cidr_blocks": [
                  "0.0.0.0/0"
                ],
                "description": "",
                "from_port": 443,
                "ipv6_cidr_blocks": [],
                "prefix_list_ids": [],
                "protocol": "tcp",
                "security_groups": [],
                "self": false,
                "to_port": 443
              }
            ],
            "name": "sg_eks",
            "name_prefix": "",
            "owner_id": "381492077515",
            "revoke_rules_on_delete": false,
            "tags": {
              "Name": "n1co-eks-sg",
              "project": "n1co"
            },
            "tags_all": {
              "Name": "n1co-eks-sg",
              "project": "n1co"
            },
            "timeouts": null,
            "vpc_id": "vpc-0a838ffe73e131a7a"
          },
          "sensitive_attributes": [],
          "private": "eyJlMmJmYjczMC1lY2FhLTExZTYtOGY4OC0zNDM2M2JjN2M0YzAiOnsiY3JlYXRlIjo2MDAwMDAwMDAwMDAsImRlbGV0ZSI6OTAwMDAwMDAwMDAwfSwic2NoZW1hX3ZlcnNpb24iOiIxIn0=",
          "dependencies": [
            "aws_vpc.main_vpc"
          ]
        }
      ]
    },
    {
      "mode": "managed",
      "type": "aws_security_group",
      "name": "sg_rds",
      "provider": "provider[\"registry.terraform.io/hashicorp/aws\"]",
      "instances": [
        {
          "schema_version": 1,
          "attributes": {
            "arn": "arn:aws:ec2:us-east-1:381492077515:security-group/sg-000d907c61fc7f2ea",
            "description": "Grupo de seguridad RDS",
            "egress": [
              {
                "cidr_blocks": [
                  "0.0.0.0/0"
                ],
                "description": "",
                "from_port": 0,
                "ipv6_cidr_blocks": [],
                "prefix_list_ids": [],
                "protocol": "-1",
                "security_groups": [],
                "self": false,
                "to_port": 0
              }
            ],
            "id": "sg-000d907c61fc7f2ea",
            "ingress": [
              {
                "cidr_blocks": [],
                "description": "",
                "from_port": 3306,
                "ipv6_cidr_blocks": [],
                "prefix_list_ids": [],
                "protocol": "tcp",
                "security_groups": [
                  "sg-0171f78eab188be77"
                ],
                "self": false,
                "to_port": 3306
              }
            ],
            "name": "sg_rds",
            "name_prefix": "",
            "owner_id": "381492077515",
            "revoke_rules_on_delete": false,
            "tags": {
              "Name": "n1co-sg-rds",
              "project": "n1co"
            },
            "tags_all": {
              "Name": "n1co-sg-rds",
              "project": "n1co"
            },
            "timeouts": null,
            "vpc_id": "vpc-0a838ffe73e131a7a"
          },
          "sensitive_attributes": [],
          "private": "eyJlMmJmYjczMC1lY2FhLTExZTYtOGY4OC0zNDM2M2JjN2M0YzAiOnsiY3JlYXRlIjo2MDAwMDAwMDAwMDAsImRlbGV0ZSI6OTAwMDAwMDAwMDAwfSwic2NoZW1hX3ZlcnNpb24iOiIxIn0=",
          "dependencies": [
            "aws_security_group.sg_eks",
            "aws_vpc.main_vpc"
          ]
        }
      ]
    },
    {
      "mode": "managed",
      "type": "aws_subnet",
      "name": "private_subnet1",
      "provider": "provider[\"registry.terraform.io/hashicorp/aws\"]",
      "instances": [
        {
          "schema_version": 1,
          "attributes": {
            "arn": "arn:aws:ec2:us-east-1:381492077515:subnet/subnet-0ace7c5485fdf5daa",
            "assign_ipv6_address_on_creation": false,
            "availability_zone": "us-east-1a",
            "availability_zone_id": "use1-az2",
            "cidr_block": "10.0.1.0/24",
            "customer_owned_ipv4_pool": "",
            "enable_dns64": false,
            "enable_lni_at_device_index": 0,
            "enable_resource_name_dns_a_record_on_launch": false,
            "enable_resource_name_dns_aaaa_record_on_launch": false,
            "id": "subnet-0ace7c5485fdf5daa",
            "ipv6_cidr_block": "",
            "ipv6_cidr_block_association_id": "",
            "ipv6_native": false,
            "map_customer_owned_ip_on_launch": false,
            "map_public_ip_on_launch": false,
            "outpost_arn": "",
            "owner_id": "381492077515",
            "private_dns_hostname_type_on_launch": "ip-name",
            "tags": {
              "Name": "n1co-private-subnet1",
              "kubernetes.io/cluster/n1co-cluster-n1co": "owned",
              "kubernetes.io/role/internal-elb": "1",
              "project": "n1co"
            },
            "tags_all": {
              "Name": "n1co-private-subnet1",
              "kubernetes.io/cluster/n1co-cluster-n1co": "owned",
              "kubernetes.io/role/internal-elb": "1",
              "project": "n1co"
            },
            "timeouts": null,
            "vpc_id": "vpc-0a838ffe73e131a7a"
          },
          "sensitive_attributes": [],
          "private": "eyJlMmJmYjczMC1lY2FhLTExZTYtOGY4OC0zNDM2M2JjN2M0YzAiOnsiY3JlYXRlIjo2MDAwMDAwMDAwMDAsImRlbGV0ZSI6MTIwMDAwMDAwMDAwMH0sInNjaGVtYV92ZXJzaW9uIjoiMSJ9",
          "dependencies": [
            "aws_vpc.main_vpc"
          ]
        }
      ]
    },
    {
      "mode": "managed",
      "type": "aws_subnet",
      "name": "private_subnet2",
      "provider": "provider[\"registry.terraform.io/hashicorp/aws\"]",
      "instances": [
        {
          "schema_version": 1,
          "attributes": {
            "arn": "arn:aws:ec2:us-east-1:381492077515:subnet/subnet-0d8c2b108cc077eb7",
            "assign_ipv6_address_on_creation": false,
            "availability_zone": "us-east-1b",
            "availability_zone_id": "use1-az4",
            "cidr_block": "10.0.2.0/24",
            "customer_owned_ipv4_pool": "",
            "enable_dns64": false,
            "enable_lni_at_device_index": 0,
            "enable_resource_name_dns_a_record_on_launch": false,
            "enable_resource_name_dns_aaaa_record_on_launch": false,
            "id": "subnet-0d8c2b108cc077eb7",
            "ipv6_cidr_block": "",
            "ipv6_cidr_block_association_id": "",
            "ipv6_native": false,
            "map_customer_owned_ip_on_launch": false,
            "map_public_ip_on_launch": false,
            "outpost_arn": "",
            "owner_id": "381492077515",
            "private_dns_hostname_type_on_launch": "ip-name",
            "tags": {
              "Name": "n1co-private-subnet2",
              "kubernetes.io/cluster/n1co-cluster-n1co": "owned",
              "kubernetes.io/role/internal-elb": "1",
              "project": "n1co"
            },
            "tags_all": {
              "Name": "n1co-private-subnet2",
              "kubernetes.io/cluster/n1co-cluster-n1co": "owned",
              "kubernetes.io/role/internal-elb": "1",
              "project": "n1co"
            },
            "timeouts": null,
            "vpc_id": "vpc-0a838ffe73e131a7a"
          },
          "sensitive_attributes": [],
          "private": "eyJlMmJmYjczMC1lY2FhLTExZTYtOGY4OC0zNDM2M2JjN2M0YzAiOnsiY3JlYXRlIjo2MDAwMDAwMDAwMDAsImRlbGV0ZSI6MTIwMDAwMDAwMDAwMH0sInNjaGVtYV92ZXJzaW9uIjoiMSJ9",
          "dependencies": [
            "aws_vpc.main_vpc"
          ]
        }
      ]
    },
    {
      "mode": "managed",
      "type": "aws_subnet",
      "name": "public_subnet1",
      "provider": "provider[\"registry.terraform.io/hashicorp/aws\"]",
      "instances": [
        {
          "schema_version": 1,
          "attributes": {
            "arn": "arn:aws:ec2:us-east-1:381492077515:subnet/subnet-0bc8792bfc580002d",
            "assign_ipv6_address_on_creation": false,
            "availability_zone": "us-east-1a",
            "availability_zone_id": "use1-az2",
            "cidr_block": "10.0.11.0/24",
            "customer_owned_ipv4_pool": "",
            "enable_dns64": false,
            "enable_lni_at_device_index": 0,
            "enable_resource_name_dns_a_record_on_launch": false,
            "enable_resource_name_dns_aaaa_record_on_launch": false,
            "id": "subnet-0bc8792bfc580002d",
            "ipv6_cidr_block": "",
            "ipv6_cidr_block_association_id": "",
            "ipv6_native": false,
            "map_customer_owned_ip_on_launch": false,
            "map_public_ip_on_launch": true,
            "outpost_arn": "",
            "owner_id": "381492077515",
            "private_dns_hostname_type_on_launch": "ip-name",
            "tags": {
              "Name": "n1co-public-subnet1",
              "kubernetes.io/cluster/n1co-cluster-n1co": "owned",
              "kubernetes.io/role/internal-elb": "1",
              "project": "n1co"
            },
            "tags_all": {
              "Name": "n1co-public-subnet1",
              "kubernetes.io/cluster/n1co-cluster-n1co": "owned",
              "kubernetes.io/role/internal-elb": "1",
              "project": "n1co"
            },
            "timeouts": null,
            "vpc_id": "vpc-0a838ffe73e131a7a"
          },
          "sensitive_attributes": [],
          "private": "eyJlMmJmYjczMC1lY2FhLTExZTYtOGY4OC0zNDM2M2JjN2M0YzAiOnsiY3JlYXRlIjo2MDAwMDAwMDAwMDAsImRlbGV0ZSI6MTIwMDAwMDAwMDAwMH0sInNjaGVtYV92ZXJzaW9uIjoiMSJ9",
          "dependencies": [
            "aws_vpc.main_vpc"
          ]
        }
      ]
    },
    {
      "mode": "managed",
      "type": "aws_subnet",
      "name": "public_subnet2",
      "provider": "provider[\"registry.terraform.io/hashicorp/aws\"]",
      "instances": [
        {
          "schema_version": 1,
          "attributes": {
            "arn": "arn:aws:ec2:us-east-1:381492077515:subnet/subnet-02bb911ebfeb02a02",
            "assign_ipv6_address_on_creation": false,
            "availability_zone": "us-east-1b",
            "availability_zone_id": "use1-az4",
            "cidr_block": "10.0.22.0/24",
            "customer_owned_ipv4_pool": "",
            "enable_dns64": false,
            "enable_lni_at_device_index": 0,
            "enable_resource_name_dns_a_record_on_launch": false,
            "enable_resource_name_dns_aaaa_record_on_launch": false,
            "id": "subnet-02bb911ebfeb02a02",
            "ipv6_cidr_block": "",
            "ipv6_cidr_block_association_id": "",
            "ipv6_native": false,
            "map_customer_owned_ip_on_launch": false,
            "map_public_ip_on_launch": true,
            "outpost_arn": "",
            "owner_id": "381492077515",
            "private_dns_hostname_type_on_launch": "ip-name",
            "tags": {
              "Name": "n1co-public-subnet2",
              "kubernetes.io/cluster/n1co-cluster-n1co": "owned",
              "kubernetes.io/role/internal-elb": "1",
              "project": "n1co"
            },
            "tags_all": {
              "Name": "n1co-public-subnet2",
              "kubernetes.io/cluster/n1co-cluster-n1co": "owned",
              "kubernetes.io/role/internal-elb": "1",
              "project": "n1co"
            },
            "timeouts": null,
            "vpc_id": "vpc-0a838ffe73e131a7a"
          },
          "sensitive_attributes": [],
          "private": "eyJlMmJmYjczMC1lY2FhLTExZTYtOGY4OC0zNDM2M2JjN2M0YzAiOnsiY3JlYXRlIjo2MDAwMDAwMDAwMDAsImRlbGV0ZSI6MTIwMDAwMDAwMDAwMH0sInNjaGVtYV92ZXJzaW9uIjoiMSJ9",
          "dependencies": [
            "aws_vpc.main_vpc"
          ]
        }
      ]
    },
    {
      "mode": "managed",
      "type": "aws_vpc",
      "name": "main_vpc",
      "provider": "provider[\"registry.terraform.io/hashicorp/aws\"]",
      "instances": [
        {
          "schema_version": 1,
          "attributes": {
            "arn": "arn:aws:ec2:us-east-1:381492077515:vpc/vpc-0a838ffe73e131a7a",
            "assign_generated_ipv6_cidr_block": false,
            "cidr_block": "10.0.0.0/16",
            "default_network_acl_id": "acl-0d123c7a39fb788b0",
            "default_route_table_id": "rtb-0936917ba7bf37f30",
            "default_security_group_id": "sg-0ed2afe72897974f7",
            "dhcp_options_id": "dopt-03f22c7d80ebf54f0",
            "enable_dns_hostnames": true,
            "enable_dns_support": true,
            "enable_network_address_usage_metrics": false,
            "id": "vpc-0a838ffe73e131a7a",
            "instance_tenancy": "default",
            "ipv4_ipam_pool_id": null,
            "ipv4_netmask_length": null,
            "ipv6_association_id": "",
            "ipv6_cidr_block": "",
            "ipv6_cidr_block_network_border_group": "",
            "ipv6_ipam_pool_id": "",
            "ipv6_netmask_length": 0,
            "main_route_table_id": "rtb-0936917ba7bf37f30",
            "owner_id": "381492077515",
            "tags": {
              "Name": "n1co-vpc",
              "project": "n1co"
            },
            "tags_all": {
              "Name": "n1co-vpc",
              "project": "n1co"
            }
          },
          "sensitive_attributes": [],
          "private": "eyJzY2hlbWFfdmVyc2lvbiI6IjEifQ=="
        }
      ]
    }
  ],
  "check_results": null
}
